# This file is generated by running "yarn install" inside your project.
# Manual changes might be lost - proceed with caution!

__metadata:
  version: 6
  cacheKey: 8

"@babel/code-frame@npm:^7.0.0":
  version: 7.18.6
  resolution: "@babel/code-frame@npm:7.18.6"
  dependencies:
    "@babel/highlight": ^7.18.6
  checksum: 195e2be3172d7684bf95cff69ae3b7a15a9841ea9d27d3c843662d50cdd7d6470fd9c8e64be84d031117e4a4083486effba39f9aef6bbb2c89f7f21bcfba33ba
  languageName: node
  linkType: hard

"@babel/helper-validator-identifier@npm:^7.18.6":
  version: 7.19.1
  resolution: "@babel/helper-validator-identifier@npm:7.19.1"
  checksum: 0eca5e86a729162af569b46c6c41a63e18b43dbe09fda1d2a3c8924f7d617116af39cac5e4cd5d431bb760b4dca3c0970e0c444789b1db42bcf1fa41fbad0a3a
  languageName: node
  linkType: hard

"@babel/highlight@npm:^7.18.6":
  version: 7.18.6
  resolution: "@babel/highlight@npm:7.18.6"
  dependencies:
    "@babel/helper-validator-identifier": ^7.18.6
    chalk: ^2.0.0
    js-tokens: ^4.0.0
  checksum: 92d8ee61549de5ff5120e945e774728e5ccd57fd3b2ed6eace020ec744823d4a98e242be1453d21764a30a14769ecd62170fba28539b211799bbaf232bbb2789
  languageName: node
  linkType: hard

"@types/aws-sdk@npm:0.0.42":
  version: 0.0.42
  resolution: "@types/aws-sdk@npm:0.0.42"
  dependencies:
    "@types/node": "*"
  checksum: 758f3c82e709e7ac6e558e22df782148268d92a073057548487a2306c229c179ae0bee3e3f286854a9220822d4f75d441e68ff5863ab325395e8a8c4b09cc150
  languageName: node
  linkType: hard

"@types/node@npm:*":
  version: 18.11.18
  resolution: "@types/node@npm:18.11.18"
  checksum: 03f17f9480f8d775c8a72da5ea7e9383db5f6d85aa5fefde90dd953a1449bd5e4ffde376f139da4f3744b4c83942166d2a7603969a6f8ea826edfb16e6e3b49d
  languageName: node
  linkType: hard

"@types/node@npm:^7.0.5":
  version: 7.10.14
  resolution: "@types/node@npm:7.10.14"
  checksum: 37b95ff3a9eefd73fabcdbfb9736282859ed367b795d1562f8f65dbf18065b071e36fd31dca4b3e1a1a19374a7c238e97d44bcabb813a1c9a987af47255d0cff
  languageName: node
  linkType: hard

"ansi-styles@npm:^3.2.1":
  version: 3.2.1
  resolution: "ansi-styles@npm:3.2.1"
  dependencies:
    color-convert: ^1.9.0
  checksum: d85ade01c10e5dd77b6c89f34ed7531da5830d2cb5882c645f330079975b716438cd7ebb81d0d6e6b4f9c577f19ae41ab55f07f19786b02f9dfd9e0377395665
  languageName: node
  linkType: hard

"argparse@npm:^1.0.7":
  version: 1.0.10
  resolution: "argparse@npm:1.0.10"
  dependencies:
    sprintf-js: ~1.0.2
  checksum: 7ca6e45583a28de7258e39e13d81e925cfa25d7d4aacbf806a382d3c02fcb13403a07fb8aeef949f10a7cfe4a62da0e2e807b348a5980554cc28ee573ef95945
  languageName: node
  linkType: hard

"available-typed-arrays@npm:^1.0.5":
  version: 1.0.5
  resolution: "available-typed-arrays@npm:1.0.5"
  checksum: 20eb47b3cefd7db027b9bbb993c658abd36d4edd3fe1060e83699a03ee275b0c9b216cc076ff3f2db29073225fb70e7613987af14269ac1fe2a19803ccc97f1a
  languageName: node
  linkType: hard

"aws-sdk@npm:^2.402.0":
  version: 2.1307.0
  resolution: "aws-sdk@npm:2.1307.0"
  dependencies:
    buffer: 4.9.2
    events: 1.1.1
    ieee754: 1.1.13
    jmespath: 0.16.0
    querystring: 0.2.0
    sax: 1.2.1
    url: 0.10.3
    util: ^0.12.4
    uuid: 8.0.0
    xml2js: 0.4.19
  checksum: c7a24aeb0c91d2d64b449e05a32913182adc8820b1d6179323a9c16f230060d772f75f7135a9e7d3a368a194e23cdd847345020c68a17e05e126c1f666b7db0c
  languageName: node
  linkType: hard

"balanced-match@npm:^1.0.0":
  version: 1.0.2
  resolution: "balanced-match@npm:1.0.2"
  checksum: 9706c088a283058a8a99e0bf91b0a2f75497f185980d9ffa8b304de1d9e58ebda7c72c07ebf01dadedaac5b2907b2c6f566f660d62bd336c3468e960403b9d65
  languageName: node
  linkType: hard

"base64-js@npm:^1.0.2":
  version: 1.5.1
  resolution: "base64-js@npm:1.5.1"
  checksum: 669632eb3745404c2f822a18fc3a0122d2f9a7a13f7fb8b5823ee19d1d2ff9ee5b52c53367176ea4ad093c332fd5ab4bd0ebae5a8e27917a4105a4cfc86b1005
  languageName: node
  linkType: hard

"brace-expansion@npm:^1.1.7":
  version: 1.1.11
  resolution: "brace-expansion@npm:1.1.11"
  dependencies:
    balanced-match: ^1.0.0
    concat-map: 0.0.1
  checksum: faf34a7bb0c3fcf4b59c7808bc5d2a96a40988addf2e7e09dfbb67a2251800e0d14cd2bfc1aa79174f2f5095c54ff27f46fb1289fe2d77dac755b5eb3434cc07
  languageName: node
  linkType: hard

"buffer@npm:4.9.2":
  version: 4.9.2
  resolution: "buffer@npm:4.9.2"
  dependencies:
    base64-js: ^1.0.2
    ieee754: ^1.1.4
    isarray: ^1.0.0
  checksum: 8801bc1ba08539f3be70eee307a8b9db3d40f6afbfd3cf623ab7ef41dffff1d0a31de0addbe1e66e0ca5f7193eeb667bfb1ecad3647f8f1b0750de07c13295c3
  languageName: node
  linkType: hard

"builtin-modules@npm:^1.1.1":
  version: 1.1.1
  resolution: "builtin-modules@npm:1.1.1"
  checksum: 0fbf69ffe77fecf11c441b9a7d1e664bb8119a7d3004831d9bd6ce0eacfd5d121ed4b667172870b5f66ecfce4bd54f7c20060d21c339c29049a7a5dd2bb7bf8c
  languageName: node
  linkType: hard

"call-bind@npm:^1.0.2":
  version: 1.0.2
  resolution: "call-bind@npm:1.0.2"
  dependencies:
    function-bind: ^1.1.1
    get-intrinsic: ^1.0.2
  checksum: f8e31de9d19988a4b80f3e704788c4a2d6b6f3d17cfec4f57dc29ced450c53a49270dc66bf0fbd693329ee948dd33e6c90a329519aef17474a4d961e8d6426b0
  languageName: node
  linkType: hard

"chalk@npm:^2.0.0, chalk@npm:^2.3.0":
  version: 2.4.2
  resolution: "chalk@npm:2.4.2"
  dependencies:
    ansi-styles: ^3.2.1
    escape-string-regexp: ^1.0.5
    supports-color: ^5.3.0
  checksum: ec3661d38fe77f681200f878edbd9448821924e0f93a9cefc0e26a33b145f1027a2084bf19967160d11e1f03bfe4eaffcabf5493b89098b2782c3fe0b03d80c2
  languageName: node
  linkType: hard

"color-convert@npm:^1.9.0":
  version: 1.9.3
  resolution: "color-convert@npm:1.9.3"
  dependencies:
    color-name: 1.1.3
  checksum: fd7a64a17cde98fb923b1dd05c5f2e6f7aefda1b60d67e8d449f9328b4e53b228a428fd38bfeaeb2db2ff6b6503a776a996150b80cdf224062af08a5c8a3a203
  languageName: node
  linkType: hard

"color-name@npm:1.1.3":
  version: 1.1.3
  resolution: "color-name@npm:1.1.3"
  checksum: 09c5d3e33d2105850153b14466501f2bfb30324a2f76568a408763a3b7433b0e50e5b4ab1947868e65cb101bb7cb75029553f2c333b6d4b8138a73fcc133d69d
  languageName: node
  linkType: hard

"commander@npm:^2.12.1":
  version: 2.20.3
  resolution: "commander@npm:2.20.3"
  checksum: ab8c07884e42c3a8dbc5dd9592c606176c7eb5c1ca5ff274bcf907039b2c41de3626f684ea75ccf4d361ba004bbaff1f577d5384c155f3871e456bdf27becf9e
  languageName: node
  linkType: hard

"concat-map@npm:0.0.1":
  version: 0.0.1
  resolution: "concat-map@npm:0.0.1"
  checksum: 902a9f5d8967a3e2faf138d5cb784b9979bad2e6db5357c5b21c568df4ebe62bcb15108af1b2253744844eb964fc023fbd9afbbbb6ddd0bcc204c6fb5b7bf3af
  languageName: node
  linkType: hard

"diff@npm:^4.0.1":
  version: 4.0.2
  resolution: "diff@npm:4.0.2"
  checksum: f2c09b0ce4e6b301c221addd83bf3f454c0bc00caa3dd837cf6c127d6edf7223aa2bbe3b688feea110b7f262adbfc845b757c44c8a9f8c0c5b15d8fa9ce9d20d
  languageName: node
  linkType: hard

"doctrine@npm:^0.7.2":
  version: 0.7.2
  resolution: "doctrine@npm:0.7.2"
  dependencies:
    esutils: ^1.1.6
    isarray: 0.0.1
  checksum: 27d76a9a0f05c04a0011b8930ca79ffc28d93c7cebf6ea5baad8f387f2225999ad97bc3454a7e84bbfcc4f46ac78062dbda0a4197f3ed1b36df8db651baf4513
  languageName: node
  linkType: hard

"es6-promisify@npm:^6.0.1":
  version: 6.1.1
  resolution: "es6-promisify@npm:6.1.1"
  checksum: e57dfa8b6533387e6cae115bdc1591e4e6e7648443741360c4f4f8f1d2c17d1f0fb293ccd3f86193f016c236ed15f336e075784eab7ec9a67af0aed2b949dd7c
  languageName: node
  linkType: hard

"escape-string-regexp@npm:^1.0.5":
  version: 1.0.5
  resolution: "escape-string-regexp@npm:1.0.5"
  checksum: 6092fda75c63b110c706b6a9bfde8a612ad595b628f0bd2147eea1d3406723020810e591effc7db1da91d80a71a737a313567c5abb3813e8d9c71f4aa595b410
  languageName: node
  linkType: hard

"esprima@npm:^4.0.0":
  version: 4.0.1
  resolution: "esprima@npm:4.0.1"
  bin:
    esparse: ./bin/esparse.js
    esvalidate: ./bin/esvalidate.js
  checksum: b45bc805a613dbea2835278c306b91aff6173c8d034223fa81498c77dcbce3b2931bf6006db816f62eacd9fd4ea975dfd85a5b7f3c6402cfd050d4ca3c13a628
  languageName: node
  linkType: hard

"esutils@npm:^1.1.6":
  version: 1.1.6
  resolution: "esutils@npm:1.1.6"
  checksum: 1c6dbba5c2f67d5400432b5700ba58a67b5131f8d1c35cd9cf7b7b39b5ce1a06d4e6ef14571617cf3c155fd98133620b846f0ba76d04b2e37ee58f5e6d737a07
  languageName: node
  linkType: hard

"events@npm:1.1.1":
  version: 1.1.1
  resolution: "events@npm:1.1.1"
  checksum: 40431eb005cc4c57861b93d44c2981a49e7feb99df84cf551baed299ceea4444edf7744733f6a6667e942af687359b1f4a87ec1ec4f21d5127dac48a782039b9
  languageName: node
  linkType: hard

"for-each@npm:^0.3.3":
  version: 0.3.3
  resolution: "for-each@npm:0.3.3"
  dependencies:
    is-callable: ^1.1.3
  checksum: 6c48ff2bc63362319c65e2edca4a8e1e3483a2fabc72fbe7feaf8c73db94fc7861bd53bc02c8a66a0c1dd709da6b04eec42e0abdd6b40ce47305ae92a25e5d28
  languageName: node
  linkType: hard

"fs.realpath@npm:^1.0.0":
  version: 1.0.0
  resolution: "fs.realpath@npm:1.0.0"
  checksum: 99ddea01a7e75aa276c250a04eedeffe5662bce66c65c07164ad6264f9de18fb21be9433ead460e54cff20e31721c811f4fb5d70591799df5f85dce6d6746fd0
  languageName: node
  linkType: hard

"function-bind@npm:^1.1.1":
  version: 1.1.1
  resolution: "function-bind@npm:1.1.1"
  checksum: b32fbaebb3f8ec4969f033073b43f5c8befbb58f1a79e12f1d7490358150359ebd92f49e72ff0144f65f2c48ea2a605bff2d07965f548f6474fd8efd95bf361a
  languageName: node
  linkType: hard

"get-intrinsic@npm:^1.0.2, get-intrinsic@npm:^1.1.3":
  version: 1.2.0
  resolution: "get-intrinsic@npm:1.2.0"
  dependencies:
    function-bind: ^1.1.1
    has: ^1.0.3
    has-symbols: ^1.0.3
  checksum: 78fc0487b783f5c58cf2dccafc3ae656ee8d2d8062a8831ce4a95e7057af4587a1d4882246c033aca0a7b4965276f4802b45cc300338d1b77a73d3e3e3f4877d
  languageName: node
  linkType: hard

"glob@npm:^7.1.1":
  version: 7.2.3
  resolution: "glob@npm:7.2.3"
  dependencies:
    fs.realpath: ^1.0.0
    inflight: ^1.0.4
    inherits: 2
    minimatch: ^3.1.1
    once: ^1.3.0
    path-is-absolute: ^1.0.0
  checksum: 29452e97b38fa704dabb1d1045350fb2467cf0277e155aa9ff7077e90ad81d1ea9d53d3ee63bd37c05b09a065e90f16aec4a65f5b8de401d1dac40bc5605d133
  languageName: node
  linkType: hard

"gopd@npm:^1.0.1":
  version: 1.0.1
  resolution: "gopd@npm:1.0.1"
  dependencies:
    get-intrinsic: ^1.1.3
  checksum: a5ccfb8806e0917a94e0b3de2af2ea4979c1da920bc381667c260e00e7cafdbe844e2cb9c5bcfef4e5412e8bf73bab837285bc35c7ba73aaaf0134d4583393a6
  languageName: node
  linkType: hard

"has-flag@npm:^3.0.0":
  version: 3.0.0
  resolution: "has-flag@npm:3.0.0"
  checksum: 4a15638b454bf086c8148979aae044dd6e39d63904cd452d970374fa6a87623423da485dfb814e7be882e05c096a7ccf1ebd48e7e7501d0208d8384ff4dea73b
  languageName: node
  linkType: hard

"has-symbols@npm:^1.0.2, has-symbols@npm:^1.0.3":
  version: 1.0.3
  resolution: "has-symbols@npm:1.0.3"
  checksum: a054c40c631c0d5741a8285010a0777ea0c068f99ed43e5d6eb12972da223f8af553a455132fdb0801bdcfa0e0f443c0c03a68d8555aa529b3144b446c3f2410
  languageName: node
  linkType: hard

"has-tostringtag@npm:^1.0.0":
  version: 1.0.0
  resolution: "has-tostringtag@npm:1.0.0"
  dependencies:
    has-symbols: ^1.0.2
  checksum: cc12eb28cb6ae22369ebaad3a8ab0799ed61270991be88f208d508076a1e99abe4198c965935ce85ea90b60c94ddda73693b0920b58e7ead048b4a391b502c1c
  languageName: node
  linkType: hard

"has@npm:^1.0.3":
  version: 1.0.3
  resolution: "has@npm:1.0.3"
  dependencies:
    function-bind: ^1.1.1
  checksum: b9ad53d53be4af90ce5d1c38331e712522417d017d5ef1ebd0507e07c2fbad8686fffb8e12ddecd4c39ca9b9b47431afbb975b8abf7f3c3b82c98e9aad052792
  languageName: node
  linkType: hard

"ieee754@npm:1.1.13":
  version: 1.1.13
  resolution: "ieee754@npm:1.1.13"
  checksum: 102df1ba662e316e6160f7ce29c7c7fa3e04f2014c288336c5a9ff40bbcc2a27d209fa2a81ebfb33f28b1941021343d30e9ad8ee85a2d61f79f5936c35edc33d
  languageName: node
  linkType: hard

"ieee754@npm:^1.1.4":
  version: 1.2.1
  resolution: "ieee754@npm:1.2.1"
  checksum: 5144c0c9815e54ada181d80a0b810221a253562422e7c6c3a60b1901154184f49326ec239d618c416c1c5945a2e197107aee8d986a3dd836b53dffefd99b5e7e
  languageName: node
  linkType: hard

"inflight@npm:^1.0.4":
  version: 1.0.6
  resolution: "inflight@npm:1.0.6"
  dependencies:
    once: ^1.3.0
    wrappy: 1
  checksum: f4f76aa072ce19fae87ce1ef7d221e709afb59d445e05d47fba710e85470923a75de35bfae47da6de1b18afc3ce83d70facf44cfb0aff89f0a3f45c0a0244dfd
  languageName: node
  linkType: hard

"inherits@npm:2, inherits@npm:^2.0.3":
  version: 2.0.4
  resolution: "inherits@npm:2.0.4"
  checksum: 4a48a733847879d6cf6691860a6b1e3f0f4754176e4d71494c41f3475553768b10f84b5ce1d40fbd0e34e6bfbb864ee35858ad4dd2cf31e02fc4a154b724d7f1
  languageName: node
  linkType: hard

"is-arguments@npm:^1.0.4":
  version: 1.1.1
  resolution: "is-arguments@npm:1.1.1"
  dependencies:
    call-bind: ^1.0.2
    has-tostringtag: ^1.0.0
  checksum: 7f02700ec2171b691ef3e4d0e3e6c0ba408e8434368504bb593d0d7c891c0dbfda6d19d30808b904a6cb1929bca648c061ba438c39f296c2a8ca083229c49f27
  languageName: node
  linkType: hard

"is-callable@npm:^1.1.3":
  version: 1.2.7
  resolution: "is-callable@npm:1.2.7"
  checksum: 61fd57d03b0d984e2ed3720fb1c7a897827ea174bd44402878e059542ea8c4aeedee0ea0985998aa5cc2736b2fa6e271c08587addb5b3959ac52cf665173d1ac
  languageName: node
  linkType: hard

"is-core-module@npm:^2.9.0":
  version: 2.11.0
  resolution: "is-core-module@npm:2.11.0"
  dependencies:
    has: ^1.0.3
  checksum: f96fd490c6b48eb4f6d10ba815c6ef13f410b0ba6f7eb8577af51697de523e5f2cd9de1c441b51d27251bf0e4aebc936545e33a5d26d5d51f28d25698d4a8bab
  languageName: node
  linkType: hard

"is-generator-function@npm:^1.0.7":
  version: 1.0.10
  resolution: "is-generator-function@npm:1.0.10"
  dependencies:
    has-tostringtag: ^1.0.0
  checksum: d54644e7dbaccef15ceb1e5d91d680eb5068c9ee9f9eb0a9e04173eb5542c9b51b5ab52c5537f5703e48d5fddfd376817c1ca07a84a407b7115b769d4bdde72b
  languageName: node
  linkType: hard

"is-typed-array@npm:^1.1.10, is-typed-array@npm:^1.1.3":
  version: 1.1.10
  resolution: "is-typed-array@npm:1.1.10"
  dependencies:
    available-typed-arrays: ^1.0.5
    call-bind: ^1.0.2
    for-each: ^0.3.3
    gopd: ^1.0.1
    has-tostringtag: ^1.0.0
  checksum: aac6ecb59d4c56a1cdeb69b1f129154ef462bbffe434cb8a8235ca89b42f258b7ae94073c41b3cb7bce37f6a1733ad4499f07882d5d5093a7ba84dfc4ebb8017
  languageName: node
  linkType: hard

"isarray@npm:0.0.1":
  version: 0.0.1
  resolution: "isarray@npm:0.0.1"
  checksum: 49191f1425681df4a18c2f0f93db3adb85573bcdd6a4482539d98eac9e705d8961317b01175627e860516a2fc45f8f9302db26e5a380a97a520e272e2a40a8d4
  languageName: node
  linkType: hard

"isarray@npm:^1.0.0":
  version: 1.0.0
  resolution: "isarray@npm:1.0.0"
  checksum: f032df8e02dce8ec565cf2eb605ea939bdccea528dbcf565cdf92bfa2da9110461159d86a537388ef1acef8815a330642d7885b29010e8f7eac967c9993b65ab
  languageName: node
  linkType: hard

"jmespath@npm:0.16.0":
  version: 0.16.0
  resolution: "jmespath@npm:0.16.0"
  checksum: 2d602493a1e4addfd1350ac8c9d54b1b03ed09e305fd863bab84a4ee1f52868cf939dd1a08c5cdea29ce9ba8f86875ebb458b6ed45dab3e1c3f2694503fb2fd9
  languageName: node
  linkType: hard

"js-tokens@npm:^4.0.0":
  version: 4.0.0
  resolution: "js-tokens@npm:4.0.0"
  checksum: 8a95213a5a77deb6cbe94d86340e8d9ace2b93bc367790b260101d2f36a2eaf4e4e22d9fa9cf459b38af3a32fb4190e638024cf82ec95ef708680e405ea7cc78
  languageName: node
  linkType: hard

"js-yaml@npm:^3.13.1":
  version: 3.14.1
  resolution: "js-yaml@npm:3.14.1"
  dependencies:
    argparse: ^1.0.7
    esprima: ^4.0.0
  bin:
    js-yaml: bin/js-yaml.js
  checksum: bef146085f472d44dee30ec34e5cf36bf89164f5d585435a3d3da89e52622dff0b188a580e4ad091c3341889e14cb88cac6e4deb16dc5b1e9623bb0601fc255c
  languageName: node
  linkType: hard

"minimatch@npm:^3.0.4, minimatch@npm:^3.1.1":
  version: 3.1.2
  resolution: "minimatch@npm:3.1.2"
  dependencies:
    brace-expansion: ^1.1.7
  checksum: c154e566406683e7bcb746e000b84d74465b3a832c45d59912b9b55cd50dee66e5c4b1e5566dba26154040e51672f9aa450a9aef0c97cfc7336b78b7afb9540a
  languageName: node
  linkType: hard

"minimist@npm:^1.2.6":
  version: 1.2.7
  resolution: "minimist@npm:1.2.7"
  checksum: 7346574a1038ca23c32e02252f603801f09384dd1d78b69a943a4e8c2c28730b80e96193882d3d3b22a063445f460e48316b29b8a25addca2d7e5e8f75478bec
  languageName: node
  linkType: hard

"mkdirp@npm:^0.5.1":
  version: 0.5.6
  resolution: "mkdirp@npm:0.5.6"
  dependencies:
    minimist: ^1.2.6
  bin:
    mkdirp: bin/cmd.js
  checksum: 0c91b721bb12c3f9af4b77ebf73604baf350e64d80df91754dc509491ae93bf238581e59c7188360cec7cb62fc4100959245a42cfe01834efedc5e9d068376c2
  languageName: node
  linkType: hard

"once@npm:^1.3.0":
  version: 1.4.0
  resolution: "once@npm:1.4.0"
  dependencies:
    wrappy: 1
  checksum: cd0a88501333edd640d95f0d2700fbde6bff20b3d4d9bdc521bdd31af0656b5706570d6c6afe532045a20bb8dc0849f8332d6f2a416e0ba6d3d3b98806c7db68
  languageName: node
  linkType: hard

"path-is-absolute@npm:^1.0.0":
  version: 1.0.1
  resolution: "path-is-absolute@npm:1.0.1"
  checksum: 060840f92cf8effa293bcc1bea81281bd7d363731d214cbe5c227df207c34cd727430f70c6037b5159c8a870b9157cba65e775446b0ab06fd5ecc7e54615a3b8
  languageName: node
  linkType: hard

"path-parse@npm:^1.0.7":
  version: 1.0.7
  resolution: "path-parse@npm:1.0.7"
  checksum: 49abf3d81115642938a8700ec580da6e830dde670be21893c62f4e10bd7dd4c3742ddc603fe24f898cba7eb0c6bc1777f8d9ac14185d34540c6d4d80cd9cae8a
  languageName: node
  linkType: hard

"punycode@npm:1.3.2":
  version: 1.3.2
  resolution: "punycode@npm:1.3.2"
  checksum: b8807fd594b1db33335692d1f03e8beeddde6fda7fbb4a2e32925d88d20a3aa4cd8dcc0c109ccaccbd2ba761c208dfaaada83007087ea8bfb0129c9ef1b99ed6
  languageName: node
  linkType: hard

"querystring@npm:0.2.0":
  version: 0.2.0
  resolution: "querystring@npm:0.2.0"
  checksum: 8258d6734f19be27e93f601758858c299bdebe71147909e367101ba459b95446fbe5b975bf9beb76390156a592b6f4ac3a68b6087cea165c259705b8b4e56a69
  languageName: node
  linkType: hard

"resolve@npm:^1.3.2":
  version: 1.22.1
  resolution: "resolve@npm:1.22.1"
  dependencies:
    is-core-module: ^2.9.0
    path-parse: ^1.0.7
    supports-preserve-symlinks-flag: ^1.0.0
  bin:
    resolve: bin/resolve
  checksum: 07af5fc1e81aa1d866cbc9e9460fbb67318a10fa3c4deadc35c3ad8a898ee9a71a86a65e4755ac3195e0ea0cfbe201eb323ebe655ce90526fd61917313a34e4e
  languageName: node
  linkType: hard

"resolve@patch:resolve@^1.3.2#~builtin<compat/resolve>":
  version: 1.22.1
  resolution: "resolve@patch:resolve@npm%3A1.22.1#~builtin<compat/resolve>::version=1.22.1&hash=c3c19d"
  dependencies:
    is-core-module: ^2.9.0
    path-parse: ^1.0.7
    supports-preserve-symlinks-flag: ^1.0.0
  bin:
    resolve: bin/resolve
  checksum: 5656f4d0bedcf8eb52685c1abdf8fbe73a1603bb1160a24d716e27a57f6cecbe2432ff9c89c2bd57542c3a7b9d14b1882b73bfe2e9d7849c9a4c0b8b39f02b8b
  languageName: node
  linkType: hard

"sax@npm:1.2.1":
  version: 1.2.1
  resolution: "sax@npm:1.2.1"
  checksum: 8dca7d5e1cd7d612f98ac50bdf0b9f63fbc964b85f0c4e2eb271f8b9b47fd3bf344c4d6a592e69ecf726d1485ca62cd8a52e603bbc332d18a66af25a9a1045ad
  languageName: node
  linkType: hard

"sax@npm:>=0.6.0":
  version: 1.2.4
  resolution: "sax@npm:1.2.4"
  checksum: d3df7d32b897a2c2f28e941f732c71ba90e27c24f62ee918bd4d9a8cfb3553f2f81e5493c7f0be94a11c1911b643a9108f231dd6f60df3fa9586b5d2e3e9e1fe
  languageName: node
  linkType: hard

"semver@npm:^5.3.0":
  version: 5.7.1
  resolution: "semver@npm:5.7.1"
  bin:
    semver: ./bin/semver
  checksum: 57fd0acfd0bac382ee87cd52cd0aaa5af086a7dc8d60379dfe65fea491fb2489b6016400813930ecd61fd0952dae75c115287a1b16c234b1550887117744dfaf
  languageName: node
  linkType: hard

"serverless-localstack@npm:^1.0.2":
  version: 1.0.2
  resolution: "serverless-localstack@npm:1.0.2"
  dependencies:
    aws-sdk: ^2.402.0
    es6-promisify: ^6.0.1
  checksum: 520f4b5b31cfd1b32155e30520e4ab016b6ad5305c52b1d4f01febd49509ae186672d8a0fce725e9aba0ad143b4761700d8646ab0fa505622ff3a65eaae90472
  languageName: node
  linkType: hard

"sprintf-js@npm:~1.0.2":
  version: 1.0.3
  resolution: "sprintf-js@npm:1.0.3"
  checksum: 19d79aec211f09b99ec3099b5b2ae2f6e9cdefe50bc91ac4c69144b6d3928a640bb6ae5b3def70c2e85a2c3d9f5ec2719921e3a59d3ca3ef4b2fd1a4656a0df3
  languageName: node
  linkType: hard

"supports-color@npm:^5.3.0":
  version: 5.5.0
  resolution: "supports-color@npm:5.5.0"
  dependencies:
    has-flag: ^3.0.0
  checksum: 95f6f4ba5afdf92f495b5a912d4abee8dcba766ae719b975c56c084f5004845f6f5a5f7769f52d53f40e21952a6d87411bafe34af4a01e65f9926002e38e1dac
  languageName: node
  linkType: hard

"supports-preserve-symlinks-flag@npm:^1.0.0":
  version: 1.0.0
  resolution: "supports-preserve-symlinks-flag@npm:1.0.0"
  checksum: 53b1e247e68e05db7b3808b99b892bd36fb096e6fba213a06da7fab22045e97597db425c724f2bbd6c99a3c295e1e73f3e4de78592289f38431049e1277ca0ae
  languageName: node
  linkType: hard

"todos-api-demo@workspace:.":
  version: 0.0.0-use.local
  resolution: "todos-api-demo@workspace:."
  dependencies:
    "@types/aws-sdk": 0.0.42
    "@types/node": ^7.0.5
    serverless-localstack: ^1.0.2
    tslint: ^5.5.0
    tslint-config-standard: ^6.0.1
    typescript: ^3.9.7
    uuid: ^3.1.0
  languageName: unknown
  linkType: soft

"tslib@npm:^1.0.0, tslib@npm:^1.8.0, tslib@npm:^1.8.1":
  version: 1.14.1
  resolution: "tslib@npm:1.14.1"
  checksum: dbe628ef87f66691d5d2959b3e41b9ca0045c3ee3c7c7b906cc1e328b39f199bb1ad9e671c39025bd56122ac57dfbf7385a94843b1cc07c60a4db74795829acd
  languageName: node
  linkType: hard

"tslint-config-standard@npm:^6.0.1":
  version: 6.0.1
  resolution: "tslint-config-standard@npm:6.0.1"
  dependencies:
    tslint-eslint-rules: ^4.0.0
  checksum: 40e884f23377093cf7e953de8f5bdfdad07014d61adbbb9ac230e19bdba770f5551e098c182d89aad4a624174f9e17e0a597e781d14b397842425f47ef7822d1
  languageName: node
  linkType: hard

"tslint-eslint-rules@npm:^4.0.0":
  version: 4.1.1
  resolution: "tslint-eslint-rules@npm:4.1.1"
  dependencies:
    doctrine: ^0.7.2
    tslib: ^1.0.0
    tsutils: ^1.4.0
  peerDependencies:
    tslint: ^5.0.0
  checksum: eb5fa6c334c1a8e85f06a5e16da5af97b8c70de1276327669b84f8c0ecb2a74852b3ffa0a4b868d0d2060db607d9a95aceab5177a608cdf077f14b78e935afb1
  languageName: node
  linkType: hard

"tslint@npm:^5.5.0":
  version: 5.20.1
  resolution: "tslint@npm:5.20.1"
  dependencies:
    "@babel/code-frame": ^7.0.0
    builtin-modules: ^1.1.1
    chalk: ^2.3.0
    commander: ^2.12.1
    diff: ^4.0.1
    glob: ^7.1.1
    js-yaml: ^3.13.1
    minimatch: ^3.0.4
    mkdirp: ^0.5.1
    resolve: ^1.3.2
    semver: ^5.3.0
    tslib: ^1.8.0
    tsutils: ^2.29.0
  peerDependencies:
    typescript: ">=2.3.0-dev || >=2.4.0-dev || >=2.5.0-dev || >=2.6.0-dev || >=2.7.0-dev || >=2.8.0-dev || >=2.9.0-dev || >=3.0.0-dev || >= 3.1.0-dev || >= 3.2.0-dev"
  bin:
    tslint: ./bin/tslint
  checksum: b11ee16c012a65bce260de9d004de4716d8a35baa9658a42d501d8f9e1276e055e68a2bf40a4d5a225e79edceef5f0af9ac8a6259217536c54484bfefd1c2237
  languageName: node
  linkType: hard

"tsutils@npm:^1.4.0":
  version: 1.9.1
  resolution: "tsutils@npm:1.9.1"
  peerDependencies:
    typescript: ">=2.0.0 || >=2.0.0-dev || >=2.1.0-dev || >=2.2.0-dev || >=2.3.0-dev || >= 2.4.0-dev"
  checksum: 273d3dcb49b6e41a112b59969e9d703f15bf57064b7e61965a8ca55be6cede005d257e85b0f49d091b6384c1e5434541749a9fda338b9629ffab499d3c68f18b
  languageName: node
  linkType: hard

"tsutils@npm:^2.29.0":
  version: 2.29.0
  resolution: "tsutils@npm:2.29.0"
  dependencies:
    tslib: ^1.8.1
  peerDependencies:
    typescript: ">=2.1.0 || >=2.1.0-dev || >=2.2.0-dev || >=2.3.0-dev || >=2.4.0-dev || >=2.5.0-dev || >=2.6.0-dev || >=2.7.0-dev || >=2.8.0-dev || >=2.9.0-dev || >= 3.0.0-dev || >= 3.1.0-dev"
  checksum: 5d681bab79979e3b4d61dd0d1e6c1dd6a79b5608cf8dec5a5ee599ac8b5921107870bcf037140b8dce85a479df78aee0ffa61c1b3d8e5660748af36551946616
  languageName: node
  linkType: hard

"typescript@npm:^3.9.7":
  version: 3.9.10
  resolution: "typescript@npm:3.9.10"
  bin:
    tsc: bin/tsc
    tsserver: bin/tsserver
  checksum: 46c842e2cd4797b88b66ef06c9c41dd21da48b95787072ccf39d5f2aa3124361bc4c966aa1c7f709fae0509614d76751455b5231b12dbb72eb97a31369e1ff92
  languageName: node
  linkType: hard

"typescript@patch:typescript@^3.9.7#~builtin<compat/typescript>":
  version: 3.9.10
  resolution: "typescript@patch:typescript@npm%3A3.9.10#~builtin<compat/typescript>::version=3.9.10&hash=3bd3d3"
  bin:
    tsc: bin/tsc
    tsserver: bin/tsserver
  checksum: dc7141ab555b23a8650a6787f98845fc11692063d02b75ff49433091b3af2fe3d773650dea18389d7c21f47d620fb3b110ea363dab4ab039417a6ccbbaf96fc2
  languageName: node
  linkType: hard

"url@npm:0.10.3":
  version: 0.10.3
  resolution: "url@npm:0.10.3"
  dependencies:
    punycode: 1.3.2
    querystring: 0.2.0
  checksum: 7b83ddb106c27bf9bde8629ccbe8d26e9db789c8cda5aa7db72ca2c6f9b8a88a5adf206f3e10db78e6e2d042b327c45db34c7010c1bf0d9908936a17a2b57d05
  languageName: node
  linkType: hard

"util@npm:^0.12.4":
  version: 0.12.5
  resolution: "util@npm:0.12.5"
  dependencies:
    inherits: ^2.0.3
    is-arguments: ^1.0.4
    is-generator-function: ^1.0.7
    is-typed-array: ^1.1.3
    which-typed-array: ^1.1.2
  checksum: 705e51f0de5b446f4edec10739752ac25856541e0254ea1e7e45e5b9f9b0cb105bc4bd415736a6210edc68245a7f903bf085ffb08dd7deb8a0e847f60538a38a
  languageName: node
  linkType: hard

"uuid@npm:8.0.0":
  version: 8.0.0
  resolution: "uuid@npm:8.0.0"
  bin:
    uuid: dist/bin/uuid
  checksum: 56d4e23aa7ac26fa2db6bd1778db34cb8c9f5a10df1770a27167874bf6705fc8f14a4ac414af58a0d96c7653b2bd4848510b29d1c2ef8c91ccb17429c1872b5e
  languageName: node
  linkType: hard

"uuid@npm:^3.1.0":
  version: 3.4.0
  resolution: "uuid@npm:3.4.0"
  bin:
    uuid: ./bin/uuid
  checksum: 58de2feed61c59060b40f8203c0e4ed7fd6f99d42534a499f1741218a1dd0c129f4aa1de797bcf822c8ea5da7e4137aa3673431a96dae729047f7aca7b27866f
  languageName: node
  linkType: hard

"which-typed-array@npm:^1.1.2":
  version: 1.1.9
  resolution: "which-typed-array@npm:1.1.9"
  dependencies:
    available-typed-arrays: ^1.0.5
    call-bind: ^1.0.2
    for-each: ^0.3.3
    gopd: ^1.0.1
    has-tostringtag: ^1.0.0
    is-typed-array: ^1.1.10
  checksum: fe0178ca44c57699ca2c0e657b64eaa8d2db2372a4e2851184f568f98c478ae3dc3fdb5f7e46c384487046b0cf9e23241423242b277e03e8ba3dabc7c84c98ef
  languageName: node
  linkType: hard

"wrappy@npm:1":
  version: 1.0.2
  resolution: "wrappy@npm:1.0.2"
  checksum: 159da4805f7e84a3d003d8841557196034155008f817172d4e986bd591f74aa82aa7db55929a54222309e01079a65a92a9e6414da5a6aa4b01ee44a511ac3ee5
  languageName: node
  linkType: hard

"xml2js@npm:0.4.19":
  version: 0.4.19
  resolution: "xml2js@npm:0.4.19"
  dependencies:
    sax: ">=0.6.0"
    xmlbuilder: ~9.0.1
  checksum: ca8b2fee430d450a18947786bfd7cd1a353ee00fc6fd550acbc8a8e65f1b4df5e9786fcb2990c1a5514ecd554d445fb74e1d716b3a4fcfffc10554aeb5db482b
  languageName: node
  linkType: hard

"xmlbuilder@npm:~9.0.1":
  version: 9.0.7
  resolution: "xmlbuilder@npm:9.0.7"
  checksum: 8193bb323806a002764f013bea0c6e9ff2dc26fd29109408761b16b59a8ad2214c2abe8e691755fd8b525586e3a0e1efeb92335947d7b0899032b779f1705a53
  languageName: node
  linkType: hard
